
Microsoft Visual Studio Solution File, Format Version 12.00
# Visual Studio Version 17
VisualStudioVersion = 17.9.34622.214
MinimumVisualStudioVersion = 10.0.40219.1
Project("{FAE04EC0-301F-11D3-BF4B-00C04F79EFBC}") = "ImmutableStrings2", "ImmutableStrings2.csproj", "{1AED6EA7-B91C-42B3-8D17-868048D57564}"
EndProject
Global
	GlobalSection(SolutionConfigurationPlatforms) = preSolution
		Debug|Any CPU = Debug|Any CPU
		Release|Any CPU = Release|Any CPU
	EndGlobalSection
	GlobalSection(ProjectConfigurationPlatforms) = postSolution
		{1AED6EA7-B91C-42B3-8D17-868048D57564}.Debug|Any CPU.ActiveCfg = Debug|Any CPU
		{1AED6EA7-B91C-42B3-8D17-868048D57564}.Debug|Any CPU.Build.0 = Debug|Any CPU
		{1AED6EA7-B91C-42B3-8D17-868048D57564}.Release|Any CPU.ActiveCfg = Release|Any CPU
		{1AED6EA7-B91C-42B3-8D17-868048D57564}.Release|Any CPU.Build.0 = Release|Any CPU
	EndGlobalSection
	GlobalSection(SolutionProperties) = preSolution
		HideSolutionNode = FALSE
	EndGlobalSection
	GlobalSection(ExtensibilityGlobals) = postSolution
		SolutionGuid = {A0C4E516-654A-4068-93D2-154D6BEA5AEF}
	EndGlobalSection
EndGlobal
