
Microsoft Visual Studio Solution File, Format Version 12.00
# Visual Studio Version 17
VisualStudioVersion = 17.9.34622.214
MinimumVisualStudioVersion = 10.0.40219.1
Project("{FAE04EC0-301F-11D3-BF4B-00C04F79EFBC}") = "GotoExample", "GotoExample.csproj", "{31564525-D13C-410E-BF99-6280AB717E4B}"
EndProject
Global
	GlobalSection(SolutionConfigurationPlatforms) = preSolution
		Debug|Any CPU = Debug|Any CPU
		Release|Any CPU = Release|Any CPU
	EndGlobalSection
	GlobalSection(ProjectConfigurationPlatforms) = postSolution
		{31564525-D13C-410E-BF99-6280AB717E4B}.Debug|Any CPU.ActiveCfg = Debug|Any CPU
		{31564525-D13C-410E-BF99-6280AB717E4B}.Debug|Any CPU.Build.0 = Debug|Any CPU
		{31564525-D13C-410E-BF99-6280AB717E4B}.Release|Any CPU.ActiveCfg = Release|Any CPU
		{31564525-D13C-410E-BF99-6280AB717E4B}.Release|Any CPU.Build.0 = Release|Any CPU
	EndGlobalSection
	GlobalSection(SolutionProperties) = preSolution
		HideSolutionNode = FALSE
	EndGlobalSection
	GlobalSection(ExtensibilityGlobals) = postSolution
		SolutionGuid = {B9C5C508-5B9E-4D4A-B089-2B7077726BC5}
	EndGlobalSection
EndGlobal
