
Microsoft Visual Studio Solution File, Format Version 12.00
# Visual Studio Version 17
VisualStudioVersion = 17.9.34622.214
MinimumVisualStudioVersion = 10.0.40219.1
Project("{FAE04EC0-301F-11D3-BF4B-00C04F79EFBC}") = "Accuracy", "Accuracy.csproj", "{2D9850E2-8407-4A4B-B0EB-37853F11C923}"
EndProject
Global
	GlobalSection(SolutionConfigurationPlatforms) = preSolution
		Debug|Any CPU = Debug|Any CPU
		Release|Any CPU = Release|Any CPU
	EndGlobalSection
	GlobalSection(ProjectConfigurationPlatforms) = postSolution
		{2D9850E2-8407-4A4B-B0EB-37853F11C923}.Debug|Any CPU.ActiveCfg = Debug|Any CPU
		{2D9850E2-8407-4A4B-B0EB-37853F11C923}.Debug|Any CPU.Build.0 = Debug|Any CPU
		{2D9850E2-8407-4A4B-B0EB-37853F11C923}.Release|Any CPU.ActiveCfg = Release|Any CPU
		{2D9850E2-8407-4A4B-B0EB-37853F11C923}.Release|Any CPU.Build.0 = Release|Any CPU
	EndGlobalSection
	GlobalSection(SolutionProperties) = preSolution
		HideSolutionNode = FALSE
	EndGlobalSection
	GlobalSection(ExtensibilityGlobals) = postSolution
		SolutionGuid = {2AD9928C-76D0-4A6C-9017-0EBD11007114}
	EndGlobalSection
EndGlobal
