
Microsoft Visual Studio Solution File, Format Version 12.00
# Visual Studio Version 17
VisualStudioVersion = 17.9.34622.214
MinimumVisualStudioVersion = 10.0.40219.1
Project("{FAE04EC0-301F-11D3-BF4B-00C04F79EFBC}") = "Variables", "Variables.csproj", "{30511D19-5AEF-4B6A-839B-10B5A346DEFD}"
EndProject
Global
	GlobalSection(SolutionConfigurationPlatforms) = preSolution
		Debug|Any CPU = Debug|Any CPU
		Release|Any CPU = Release|Any CPU
	EndGlobalSection
	GlobalSection(ProjectConfigurationPlatforms) = postSolution
		{30511D19-5AEF-4B6A-839B-10B5A346DEFD}.Debug|Any CPU.ActiveCfg = Debug|Any CPU
		{30511D19-5AEF-4B6A-839B-10B5A346DEFD}.Debug|Any CPU.Build.0 = Debug|Any CPU
		{30511D19-5AEF-4B6A-839B-10B5A346DEFD}.Release|Any CPU.ActiveCfg = Release|Any CPU
		{30511D19-5AEF-4B6A-839B-10B5A346DEFD}.Release|Any CPU.Build.0 = Release|Any CPU
	EndGlobalSection
	GlobalSection(SolutionProperties) = preSolution
		HideSolutionNode = FALSE
	EndGlobalSection
	GlobalSection(ExtensibilityGlobals) = postSolution
		SolutionGuid = {94A1966F-12EB-44B4-A9E8-AF3829A6449F}
	EndGlobalSection
EndGlobal
