
Microsoft Visual Studio Solution File, Format Version 12.00
# Visual Studio Version 17
VisualStudioVersion = 17.9.34622.214
MinimumVisualStudioVersion = 10.0.40219.1
Project("{FAE04EC0-301F-11D3-BF4B-00C04F79EFBC}") = "ImmutableStrings", "ImmutableStrings.csproj", "{B8771378-CDB3-43ED-9249-179FDE1E8CF2}"
EndProject
Global
	GlobalSection(SolutionConfigurationPlatforms) = preSolution
		Debug|Any CPU = Debug|Any CPU
		Release|Any CPU = Release|Any CPU
	EndGlobalSection
	GlobalSection(ProjectConfigurationPlatforms) = postSolution
		{B8771378-CDB3-43ED-9249-179FDE1E8CF2}.Debug|Any CPU.ActiveCfg = Debug|Any CPU
		{B8771378-CDB3-43ED-9249-179FDE1E8CF2}.Debug|Any CPU.Build.0 = Debug|Any CPU
		{B8771378-CDB3-43ED-9249-179FDE1E8CF2}.Release|Any CPU.ActiveCfg = Release|Any CPU
		{B8771378-CDB3-43ED-9249-179FDE1E8CF2}.Release|Any CPU.Build.0 = Release|Any CPU
	EndGlobalSection
	GlobalSection(SolutionProperties) = preSolution
		HideSolutionNode = FALSE
	EndGlobalSection
	GlobalSection(ExtensibilityGlobals) = postSolution
		SolutionGuid = {B33C99C3-ED48-4CBF-8FF6-336A33B7D2C1}
	EndGlobalSection
EndGlobal
