
Microsoft Visual Studio Solution File, Format Version 12.00
# Visual Studio Version 17
VisualStudioVersion = 17.9.34622.214
MinimumVisualStudioVersion = 10.0.40219.1
Project("{FAE04EC0-301F-11D3-BF4B-00C04F79EFBC}") = "ClassesIntro", "ClassesIntro.csproj", "{83E52CE6-17E9-4533-A3C9-DDB15CE3DC69}"
EndProject
Global
	GlobalSection(SolutionConfigurationPlatforms) = preSolution
		Debug|Any CPU = Debug|Any CPU
		Release|Any CPU = Release|Any CPU
	EndGlobalSection
	GlobalSection(ProjectConfigurationPlatforms) = postSolution
		{83E52CE6-17E9-4533-A3C9-DDB15CE3DC69}.Debug|Any CPU.ActiveCfg = Debug|Any CPU
		{83E52CE6-17E9-4533-A3C9-DDB15CE3DC69}.Debug|Any CPU.Build.0 = Debug|Any CPU
		{83E52CE6-17E9-4533-A3C9-DDB15CE3DC69}.Release|Any CPU.ActiveCfg = Release|Any CPU
		{83E52CE6-17E9-4533-A3C9-DDB15CE3DC69}.Release|Any CPU.Build.0 = Release|Any CPU
	EndGlobalSection
	GlobalSection(SolutionProperties) = preSolution
		HideSolutionNode = FALSE
	EndGlobalSection
	GlobalSection(ExtensibilityGlobals) = postSolution
		SolutionGuid = {4CC332C5-EF7E-48E9-ACFD-2A2AF8EB4F12}
	EndGlobalSection
EndGlobal
