
Microsoft Visual Studio Solution File, Format Version 12.00
# Visual Studio Version 17
VisualStudioVersion = 17.9.34622.214
MinimumVisualStudioVersion = 10.0.40219.1
Project("{FAE04EC0-301F-11D3-BF4B-00C04F79EFBC}") = "UserInput", "UserInput.csproj", "{F590920C-A1B1-45E1-B572-0051819C436C}"
EndProject
Global
	GlobalSection(SolutionConfigurationPlatforms) = preSolution
		Debug|Any CPU = Debug|Any CPU
		Release|Any CPU = Release|Any CPU
	EndGlobalSection
	GlobalSection(ProjectConfigurationPlatforms) = postSolution
		{F590920C-A1B1-45E1-B572-0051819C436C}.Debug|Any CPU.ActiveCfg = Debug|Any CPU
		{F590920C-A1B1-45E1-B572-0051819C436C}.Debug|Any CPU.Build.0 = Debug|Any CPU
		{F590920C-A1B1-45E1-B572-0051819C436C}.Release|Any CPU.ActiveCfg = Release|Any CPU
		{F590920C-A1B1-45E1-B572-0051819C436C}.Release|Any CPU.Build.0 = Release|Any CPU
	EndGlobalSection
	GlobalSection(SolutionProperties) = preSolution
		HideSolutionNode = FALSE
	EndGlobalSection
	GlobalSection(ExtensibilityGlobals) = postSolution
		SolutionGuid = {10BC48C9-6607-4E5F-A1C3-6BBCD40DA745}
	EndGlobalSection
EndGlobal
