
Microsoft Visual Studio Solution File, Format Version 12.00
# Visual Studio Version 17
VisualStudioVersion = 17.9.34622.214
MinimumVisualStudioVersion = 10.0.40219.1
Project("{FAE04EC0-301F-11D3-BF4B-00C04F79EFBC}") = "ListSearch", "ListSearch.csproj", "{E2C144C5-2706-4F0C-9C9A-78625AD7B0A8}"
EndProject
Global
	GlobalSection(SolutionConfigurationPlatforms) = preSolution
		Debug|Any CPU = Debug|Any CPU
		Release|Any CPU = Release|Any CPU
	EndGlobalSection
	GlobalSection(ProjectConfigurationPlatforms) = postSolution
		{E2C144C5-2706-4F0C-9C9A-78625AD7B0A8}.Debug|Any CPU.ActiveCfg = Debug|Any CPU
		{E2C144C5-2706-4F0C-9C9A-78625AD7B0A8}.Debug|Any CPU.Build.0 = Debug|Any CPU
		{E2C144C5-2706-4F0C-9C9A-78625AD7B0A8}.Release|Any CPU.ActiveCfg = Release|Any CPU
		{E2C144C5-2706-4F0C-9C9A-78625AD7B0A8}.Release|Any CPU.Build.0 = Release|Any CPU
	EndGlobalSection
	GlobalSection(SolutionProperties) = preSolution
		HideSolutionNode = FALSE
	EndGlobalSection
	GlobalSection(ExtensibilityGlobals) = postSolution
		SolutionGuid = {B84606D6-CECE-4AA8-9DAA-0AF17ED9296B}
	EndGlobalSection
EndGlobal
